// !$*UTF8*$!
{
	archiveVersion = 1;
	classes = {
	};
	objectVersion = 46;
	objects = {

/* Begin PBXBuildFile section */
		3A2E72F21D9CF1C6008CDE51 /* CustomNavigationBar.swift in Sources */ = {isa = PBXBuildFile; fileRef = 3A2E72F11D9CF1C6008CDE51 /* CustomNavigationBar.swift */; };
		3A2E72F61D9D245D008CDE51 /* CustomSearchBar.swift in Sources */ = {isa = PBXBuildFile; fileRef = 3A2E72F51D9D245D008CDE51 /* CustomSearchBar.swift */; };
		3A4CE3391E52758300A5E06A /* UIImage+scaleImage.m in Sources */ = {isa = PBXBuildFile; fileRef = 3A4CE3381E52758300A5E06A /* UIImage+scaleImage.m */; };
		3A5F64EB1D95150F00FF8645 /* PlacesViewController.swift in Sources */ = {isa = PBXBuildFile; fileRef = 3A5F64EA1D95150F00FF8645 /* PlacesViewController.swift */; };
		3A72F5A81D8A6FCD00BA2F16 /* Place.swift in Sources */ = {isa = PBXBuildFile; fileRef = 3A72F5A71D8A6FCD00BA2F16 /* Place.swift */; };
		3A72F5AA1D8A751F00BA2F16 /* MapKit.framework in Frameworks */ = {isa = PBXBuildFile; fileRef = 3A72F5A91D8A751F00BA2F16 /* MapKit.framework */; };
		3A8A41CA1E5271DE00522460 /* UIImageView+tintColor.m in Sources */ = {isa = PBXBuildFile; fileRef = 3A8A41C91E5271DE00522460 /* UIImageView+tintColor.m */; };
		3A8B47DF1D9BCD6900901F86 /* CustomButton.swift in Sources */ = {isa = PBXBuildFile; fileRef = 3A8B47DE1D9BCD6900901F86 /* CustomButton.swift */; };
		3A8C0E941D8A6D1C00F538B0 /* AppDelegate.swift in Sources */ = {isa = PBXBuildFile; fileRef = 3A8C0E931D8A6D1C00F538B0 /* AppDelegate.swift */; };
		3A8C0E991D8A6D1D00F538B0 /* Main.storyboard in Resources */ = {isa = PBXBuildFile; fileRef = 3A8C0E971D8A6D1D00F538B0 /* Main.storyboard */; };
		3A8C0E9B1D8A6D1D00F538B0 /* Assets.xcassets in Resources */ = {isa = PBXBuildFile; fileRef = 3A8C0E9A1D8A6D1D00F538B0 /* Assets.xcassets */; };
		3A8C0E9E1D8A6D1D00F538B0 /* LaunchScreen.storyboard in Resources */ = {isa = PBXBuildFile; fileRef = 3A8C0E9C1D8A6D1D00F538B0 /* LaunchScreen.storyboard */; };
		3AF51AB01D9C45F60039D426 /* CustomView.swift in Sources */ = {isa = PBXBuildFile; fileRef = 3AF51AAF1D9C45F60039D426 /* CustomView.swift */; };
		3AF807DD1D97FBC6007E4BA7 /* ChatViewController.swift in Sources */ = {isa = PBXBuildFile; fileRef = 3AF807DC1D97FBC6007E4BA7 /* ChatViewController.swift */; };
		3AF807E01D9851F8007E4BA7 /* PlaceView.swift in Sources */ = {isa = PBXBuildFile; fileRef = 3AF807DF1D9851F8007E4BA7 /* PlaceView.swift */; };
		3AFF213D1D9DADD1005A3AA0 /* CustomNavigationitem.swift in Sources */ = {isa = PBXBuildFile; fileRef = 3AFF213C1D9DADD1005A3AA0 /* CustomNavigationitem.swift */; };
		3AFF213F1D9DB662005A3AA0 /* UIImage+cropToBounds.swift in Sources */ = {isa = PBXBuildFile; fileRef = 3AFF213E1D9DB662005A3AA0 /* UIImage+cropToBounds.swift */; };
		3AFF21411D9DB790005A3AA0 /* UIImage+scaleImage.swift in Sources */ = {isa = PBXBuildFile; fileRef = 3AFF21401D9DB790005A3AA0 /* UIImage+scaleImage.swift */; };
		3AFF21431D9DC407005A3AA0 /* CustomMapView.swift in Sources */ = {isa = PBXBuildFile; fileRef = 3AFF21421D9DC407005A3AA0 /* CustomMapView.swift */; };
		A6612042F63430072BB7083E /* Pods_NearbyPlaces.framework in Frameworks */ = {isa = PBXBuildFile; fileRef = 01D9BED10520DB38DED414B4 /* Pods_NearbyPlaces.framework */; };
/* End PBXBuildFile section */

/* Begin PBXFileReference section */
		01D9BED10520DB38DED414B4 /* Pods_NearbyPlaces.framework */ = {isa = PBXFileReference; explicitFileType = wrapper.framework; includeInIndex = 0; path = Pods_NearbyPlaces.framework; sourceTree = BUILT_PRODUCTS_DIR; };
		3A2E72F11D9CF1C6008CDE51 /* CustomNavigationBar.swift */ = {isa = PBXFileReference; fileEncoding = 4; lastKnownFileType = sourcecode.swift; path = CustomNavigationBar.swift; sourceTree = "<group>"; };
		3A2E72F51D9D245D008CDE51 /* CustomSearchBar.swift */ = {isa = PBXFileReference; fileEncoding = 4; lastKnownFileType = sourcecode.swift; path = CustomSearchBar.swift; sourceTree = "<group>"; };
		3A4CE3371E52758300A5E06A /* UIImage+scaleImage.h */ = {isa = PBXFileReference; fileEncoding = 4; lastKnownFileType = sourcecode.c.h; path = "UIImage+scaleImage.h"; sourceTree = "<group>"; };
		3A4CE3381E52758300A5E06A /* UIImage+scaleImage.m */ = {isa = PBXFileReference; fileEncoding = 4; lastKnownFileType = sourcecode.c.objc; path = "UIImage+scaleImage.m"; sourceTree = "<group>"; };
		3A5F64EA1D95150F00FF8645 /* PlacesViewController.swift */ = {isa = PBXFileReference; fileEncoding = 4; lastKnownFileType = sourcecode.swift; path = PlacesViewController.swift; sourceTree = "<group>"; };
		3A72F5A71D8A6FCD00BA2F16 /* Place.swift */ = {isa = PBXFileReference; fileEncoding = 4; lastKnownFileType = sourcecode.swift; path = Place.swift; sourceTree = "<group>"; };
		3A72F5A91D8A751F00BA2F16 /* MapKit.framework */ = {isa = PBXFileReference; lastKnownFileType = wrapper.framework; name = MapKit.framework; path = System/Library/Frameworks/MapKit.framework; sourceTree = SDKROOT; };
		3A8A41C71E5271DE00522460 /* NearbyPlaces-Bridging-Header.h */ = {isa = PBXFileReference; lastKnownFileType = sourcecode.c.h; path = "NearbyPlaces-Bridging-Header.h"; sourceTree = "<group>"; };
		3A8A41C81E5271DE00522460 /* UIImageView+tintColor.h */ = {isa = PBXFileReference; fileEncoding = 4; lastKnownFileType = sourcecode.c.h; path = "UIImageView+tintColor.h"; sourceTree = "<group>"; };
		3A8A41C91E5271DE00522460 /* UIImageView+tintColor.m */ = {isa = PBXFileReference; fileEncoding = 4; lastKnownFileType = sourcecode.c.objc; path = "UIImageView+tintColor.m"; sourceTree = "<group>"; };
		3A8B47DE1D9BCD6900901F86 /* CustomButton.swift */ = {isa = PBXFileReference; fileEncoding = 4; lastKnownFileType = sourcecode.swift; path = CustomButton.swift; sourceTree = "<group>"; };
		3A8C0E901D8A6D1C00F538B0 /* NearbyPlaces.app */ = {isa = PBXFileReference; explicitFileType = wrapper.application; includeInIndex = 0; path = NearbyPlaces.app; sourceTree = BUILT_PRODUCTS_DIR; };
		3A8C0E931D8A6D1C00F538B0 /* AppDelegate.swift */ = {isa = PBXFileReference; lastKnownFileType = sourcecode.swift; path = AppDelegate.swift; sourceTree = "<group>"; };
		3A8C0E981D8A6D1D00F538B0 /* Base */ = {isa = PBXFileReference; lastKnownFileType = file.storyboard; name = Base; path = Base.lproj/Main.storyboard; sourceTree = "<group>"; };
		3A8C0E9A1D8A6D1D00F538B0 /* Assets.xcassets */ = {isa = PBXFileReference; lastKnownFileType = folder.assetcatalog; path = Assets.xcassets; sourceTree = "<group>"; };
		3A8C0E9D1D8A6D1D00F538B0 /* Base */ = {isa = PBXFileReference; lastKnownFileType = file.storyboard; name = Base; path = Base.lproj/LaunchScreen.storyboard; sourceTree = "<group>"; };
		3A8C0E9F1D8A6D1D00F538B0 /* Info.plist */ = {isa = PBXFileReference; lastKnownFileType = text.plist.xml; path = Info.plist; sourceTree = "<group>"; };
		3AF51AAF1D9C45F60039D426 /* CustomView.swift */ = {isa = PBXFileReference; fileEncoding = 4; lastKnownFileType = sourcecode.swift; path = CustomView.swift; sourceTree = "<group>"; };
		3AF807DC1D97FBC6007E4BA7 /* ChatViewController.swift */ = {isa = PBXFileReference; fileEncoding = 4; lastKnownFileType = sourcecode.swift; path = ChatViewController.swift; sourceTree = "<group>"; };
		3AF807DF1D9851F8007E4BA7 /* PlaceView.swift */ = {isa = PBXFileReference; fileEncoding = 4; lastKnownFileType = sourcecode.swift; path = PlaceView.swift; sourceTree = "<group>"; };
		3AFF213C1D9DADD1005A3AA0 /* CustomNavigationitem.swift */ = {isa = PBXFileReference; fileEncoding = 4; lastKnownFileType = sourcecode.swift; path = CustomNavigationitem.swift; sourceTree = "<group>"; };
		3AFF213E1D9DB662005A3AA0 /* UIImage+cropToBounds.swift */ = {isa = PBXFileReference; fileEncoding = 4; lastKnownFileType = sourcecode.swift; path = "UIImage+cropToBounds.swift"; sourceTree = "<group>"; };
		3AFF21401D9DB790005A3AA0 /* UIImage+scaleImage.swift */ = {isa = PBXFileReference; fileEncoding = 4; lastKnownFileType = sourcecode.swift; path = "UIImage+scaleImage.swift"; sourceTree = "<group>"; };
		3AFF21421D9DC407005A3AA0 /* CustomMapView.swift */ = {isa = PBXFileReference; fileEncoding = 4; lastKnownFileType = sourcecode.swift; path = CustomMapView.swift; sourceTree = "<group>"; };
		3FE2B3BA2027569E5B0E5723 /* Pods-NearbyPlaces.debug.xcconfig */ = {isa = PBXFileReference; includeInIndex = 1; lastKnownFileType = text.xcconfig; name = "Pods-NearbyPlaces.debug.xcconfig"; path = "Pods/Target Support Files/Pods-NearbyPlaces/Pods-NearbyPlaces.debug.xcconfig"; sourceTree = "<group>"; };
		854BCFFDBA4F2C5B4F78F532 /* Pods-NearbyPlaces.release.xcconfig */ = {isa = PBXFileReference; includeInIndex = 1; lastKnownFileType = text.xcconfig; name = "Pods-NearbyPlaces.release.xcconfig"; path = "Pods/Target Support Files/Pods-NearbyPlaces/Pods-NearbyPlaces.release.xcconfig"; sourceTree = "<group>"; };
/* End PBXFileReference section */

/* Begin PBXFrameworksBuildPhase section */
		3A8C0E8D1D8A6D1C00F538B0 /* Frameworks */ = {
			isa = PBXFrameworksBuildPhase;
			buildActionMask = 2147483647;
			files = (
				3A72F5AA1D8A751F00BA2F16 /* MapKit.framework in Frameworks */,
				A6612042F63430072BB7083E /* Pods_NearbyPlaces.framework in Frameworks */,
			);
			runOnlyForDeploymentPostprocessing = 0;
		};
/* End PBXFrameworksBuildPhase section */

/* Begin PBXGroup section */
		3A0887B41D91334300F99385 /* Model */ = {
			isa = PBXGroup;
			children = (
				3A72F5A71D8A6FCD00BA2F16 /* Place.swift */,
			);
			name = Model;
			sourceTree = "<group>";
		};
		3A0887B51D91335300F99385 /* ViewController */ = {
			isa = PBXGroup;
			children = (
				3A5F64EA1D95150F00FF8645 /* PlacesViewController.swift */,
				3AF807DC1D97FBC6007E4BA7 /* ChatViewController.swift */,
			);
			name = ViewController;
			sourceTree = "<group>";
		};
		3A8C0E871D8A6D1C00F538B0 = {
			isa = PBXGroup;
			children = (
				3A8C0E921D8A6D1C00F538B0 /* NearbyPlaces */,
				3A8C0E911D8A6D1C00F538B0 /* Products */,
				F4B5849B592095F042FADBBC /* Frameworks */,
				7BF511B4FD4226C268D1ED58 /* Pods */,
			);
			sourceTree = "<group>";
		};
		3A8C0E911D8A6D1C00F538B0 /* Products */ = {
			isa = PBXGroup;
			children = (
				3A8C0E901D8A6D1C00F538B0 /* NearbyPlaces.app */,
			);
			name = Products;
			sourceTree = "<group>";
		};
		3A8C0E921D8A6D1C00F538B0 /* NearbyPlaces */ = {
			isa = PBXGroup;
			children = (
				3A0887B41D91334300F99385 /* Model */,
				3AF807DE1D9851CA007E4BA7 /* View */,
				3A0887B51D91335300F99385 /* ViewController */,
				3AF51AAA1D9C294E0039D426 /* Extensions */,
				3A8C0E931D8A6D1C00F538B0 /* AppDelegate.swift */,
				3A8C0E971D8A6D1D00F538B0 /* Main.storyboard */,
				3A8C0E9A1D8A6D1D00F538B0 /* Assets.xcassets */,
				3A8C0E9C1D8A6D1D00F538B0 /* LaunchScreen.storyboard */,
				3A8C0E9F1D8A6D1D00F538B0 /* Info.plist */,
			);
			path = NearbyPlaces;
			sourceTree = "<group>";
		};
		3AF51AAA1D9C294E0039D426 /* Extensions */ = {
			isa = PBXGroup;
			children = (
				3AFF213E1D9DB662005A3AA0 /* UIImage+cropToBounds.swift */,
				3AFF21401D9DB790005A3AA0 /* UIImage+scaleImage.swift */,
				3A8A41C81E5271DE00522460 /* UIImageView+tintColor.h */,
				3A8A41C91E5271DE00522460 /* UIImageView+tintColor.m */,
				3A8A41C71E5271DE00522460 /* NearbyPlaces-Bridging-Header.h */,
				3A4CE3371E52758300A5E06A /* UIImage+scaleImage.h */,
				3A4CE3381E52758300A5E06A /* UIImage+scaleImage.m */,
			);
			name = Extensions;
			sourceTree = "<group>";
		};
		3AF807DE1D9851CA007E4BA7 /* View */ = {
			isa = PBXGroup;
			children = (
				3AF807DF1D9851F8007E4BA7 /* PlaceView.swift */,
				3AF51AAF1D9C45F60039D426 /* CustomView.swift */,
				3A8B47DE1D9BCD6900901F86 /* CustomButton.swift */,
				3A2E72F11D9CF1C6008CDE51 /* CustomNavigationBar.swift */,
				3AFF213C1D9DADD1005A3AA0 /* CustomNavigationitem.swift */,
				3A2E72F51D9D245D008CDE51 /* CustomSearchBar.swift */,
				3AFF21421D9DC407005A3AA0 /* CustomMapView.swift */,
			);
			name = View;
			sourceTree = "<group>";
		};
		7BF511B4FD4226C268D1ED58 /* Pods */ = {
			isa = PBXGroup;
			children = (
				3FE2B3BA2027569E5B0E5723 /* Pods-NearbyPlaces.debug.xcconfig */,
				854BCFFDBA4F2C5B4F78F532 /* Pods-NearbyPlaces.release.xcconfig */,
			);
			name = Pods;
			sourceTree = "<group>";
		};
		F4B5849B592095F042FADBBC /* Frameworks */ = {
			isa = PBXGroup;
			children = (
				3A72F5A91D8A751F00BA2F16 /* MapKit.framework */,
				01D9BED10520DB38DED414B4 /* Pods_NearbyPlaces.framework */,
			);
			name = Frameworks;
			sourceTree = "<group>";
		};
/* End PBXGroup section */

/* Begin PBXNativeTarget section */
		3A8C0E8F1D8A6D1C00F538B0 /* NearbyPlaces */ = {
			isa = PBXNativeTarget;
			buildConfigurationList = 3A8C0EB81D8A6D1D00F538B0 /* Build configuration list for PBXNativeTarget "NearbyPlaces" */;
			buildPhases = (
				D00726310FCF62D40F05ABDC /* [CP] Check Pods Manifest.lock */,
				3A8C0E8C1D8A6D1C00F538B0 /* Sources */,
				3A8C0E8D1D8A6D1C00F538B0 /* Frameworks */,
				3A8C0E8E1D8A6D1C00F538B0 /* Resources */,
				0B33EA81B9A0CF469ADC367F /* [CP] Embed Pods Frameworks */,
				8752595E8965363BB948DBDC /* [CP] Copy Pods Resources */,
			);
			buildRules = (
			);
			dependencies = (
			);
			name = NearbyPlaces;
			productName = Places;
			productReference = 3A8C0E901D8A6D1C00F538B0 /* NearbyPlaces.app */;
			productType = "com.apple.product-type.application";
		};
/* End PBXNativeTarget section */

/* Begin PBXProject section */
		3A8C0E881D8A6D1C00F538B0 /* Project object */ = {
			isa = PBXProject;
			attributes = {
				LastSwiftUpdateCheck = 0730;
				LastUpgradeCheck = 0820;
				ORGANIZATIONNAME = "Adrian Kubała";
				TargetAttributes = {
					3A8C0E8F1D8A6D1C00F538B0 = {
						CreatedOnToolsVersion = 7.3.1;
						DevelopmentTeam = E84ETWJ5XP;
						LastSwiftMigration = 0820;
					};
				};
			};
			buildConfigurationList = 3A8C0E8B1D8A6D1C00F538B0 /* Build configuration list for PBXProject "NearbyPlaces" */;
			compatibilityVersion = "Xcode 3.2";
			developmentRegion = English;
			hasScannedForEncodings = 0;
			knownRegions = (
				en,
				Base,
			);
			mainGroup = 3A8C0E871D8A6D1C00F538B0;
			productRefGroup = 3A8C0E911D8A6D1C00F538B0 /* Products */;
			projectDirPath = "";
			projectRoot = "";
			targets = (
				3A8C0E8F1D8A6D1C00F538B0 /* NearbyPlaces */,
			);
		};
/* End PBXProject section */

/* Begin PBXResourcesBuildPhase section */
		3A8C0E8E1D8A6D1C00F538B0 /* Resources */ = {
			isa = PBXResourcesBuildPhase;
			buildActionMask = 2147483647;
			files = (
				3A8C0E9E1D8A6D1D00F538B0 /* LaunchScreen.storyboard in Resources */,
				3A8C0E9B1D8A6D1D00F538B0 /* Assets.xcassets in Resources */,
				3A8C0E991D8A6D1D00F538B0 /* Main.storyboard in Resources */,
			);
			runOnlyForDeploymentPostprocessing = 0;
		};
/* End PBXResourcesBuildPhase section */

/* Begin PBXShellScriptBuildPhase section */
		0B33EA81B9A0CF469ADC367F /* [CP] Embed Pods Frameworks */ = {
			isa = PBXShellScriptBuildPhase;
			buildActionMask = 2147483647;
			files = (
			);
			inputPaths = (
			);
			name = "[CP] Embed Pods Frameworks";
			outputPaths = (
			);
			runOnlyForDeploymentPostprocessing = 0;
			shellPath = /bin/sh;
			shellScript = "\"${SRCROOT}/Pods/Target Support Files/Pods-NearbyPlaces/Pods-NearbyPlaces-frameworks.sh\"\n";
			showEnvVarsInLog = 0;
		};
		8752595E8965363BB948DBDC /* [CP] Copy Pods Resources */ = {
			isa = PBXShellScriptBuildPhase;
			buildActionMask = 2147483647;
			files = (
			);
			inputPaths = (
			);
			name = "[CP] Copy Pods Resources";
			outputPaths = (
			);
			runOnlyForDeploymentPostprocessing = 0;
			shellPath = /bin/sh;
			shellScript = "\"${SRCROOT}/Pods/Target Support Files/Pods-NearbyPlaces/Pods-NearbyPlaces-resources.sh\"\n";
			showEnvVarsInLog = 0;
		};
		D00726310FCF62D40F05ABDC /* [CP] Check Pods Manifest.lock */ = {
			isa = PBXShellScriptBuildPhase;
			buildActionMask = 2147483647;
			files = (
			);
			inputPaths = (
			);
			name = "[CP] Check Pods Manifest.lock";
			outputPaths = (
			);
			runOnlyForDeploymentPostprocessing = 0;
			shellPath = /bin/sh;
			shellScript = "diff \"${PODS_ROOT}/../Podfile.lock\" \"${PODS_ROOT}/Manifest.lock\" > /dev/null\nif [ $? != 0 ] ; then\n    # print error to STDERR\n    echo \"error: The sandbox is not in sync with the Podfile.lock. Run 'pod install' or update your CocoaPods installation.\" >&2\n    exit 1\nfi\n";
			showEnvVarsInLog = 0;
		};
/* End PBXShellScriptBuildPhase section */

/* Begin PBXSourcesBuildPhase section */
		3A8C0E8C1D8A6D1C00F538B0 /* Sources */ = {
			isa = PBXSourcesBuildPhase;
			buildActionMask = 2147483647;
			files = (
				3A5F64EB1D95150F00FF8645 /* PlacesViewController.swift in Sources */,
				3AF51AB01D9C45F60039D426 /* CustomView.swift in Sources */,
				3AFF213D1D9DADD1005A3AA0 /* CustomNavigationitem.swift in Sources */,
				3AFF213F1D9DB662005A3AA0 /* UIImage+cropToBounds.swift in Sources */,
				3A4CE3391E52758300A5E06A /* UIImage+scaleImage.m in Sources */,
				3AFF21431D9DC407005A3AA0 /* CustomMapView.swift in Sources */,
				3A2E72F61D9D245D008CDE51 /* CustomSearchBar.swift in Sources */,
				3A72F5A81D8A6FCD00BA2F16 /* Place.swift in Sources */,
				3A8A41CA1E5271DE00522460 /* UIImageView+tintColor.m in Sources */,
				3A2E72F21D9CF1C6008CDE51 /* CustomNavigationBar.swift in Sources */,
				3A8B47DF1D9BCD6900901F86 /* CustomButton.swift in Sources */,
				3AF807E01D9851F8007E4BA7 /* PlaceView.swift in Sources */,
				3AF807DD1D97FBC6007E4BA7 /* ChatViewController.swift in Sources */,
				3A8C0E941D8A6D1C00F538B0 /* AppDelegate.swift in Sources */,
				3AFF21411D9DB790005A3AA0 /* UIImage+scaleImage.swift in Sources */,
			);
			runOnlyForDeploymentPostprocessing = 0;
		};
/* End PBXSourcesBuildPhase section */

/* Begin PBXVariantGroup section */
		3A8C0E971D8A6D1D00F538B0 /* Main.storyboard */ = {
			isa = PBXVariantGroup;
			children = (
				3A8C0E981D8A6D1D00F538B0 /* Base */,
			);
			name = Main.storyboard;
			sourceTree = "<group>";
		};
		3A8C0E9C1D8A6D1D00F538B0 /* LaunchScreen.storyboard */ = {
			isa = PBXVariantGroup;
			children = (
				3A8C0E9D1D8A6D1D00F538B0 /* Base */,
			);
			name = LaunchScreen.storyboard;
			sourceTree = "<group>";
		};
/* End PBXVariantGroup section */

/* Begin XCBuildConfiguration section */
		3A8C0EB61D8A6D1D00F538B0 /* Debug */ = {
			isa = XCBuildConfiguration;
			buildSettings = {
				ALWAYS_SEARCH_USER_PATHS = NO;
				CLANG_ANALYZER_NONNULL = YES;
				CLANG_CXX_LANGUAGE_STANDARD = "gnu++0x";
				CLANG_CXX_LIBRARY = "libc++";
				CLANG_ENABLE_MODULES = YES;
				CLANG_ENABLE_OBJC_ARC = YES;
				CLANG_WARN_BOOL_CONVERSION = YES;
				CLANG_WARN_CONSTANT_CONVERSION = YES;
				CLANG_WARN_DIRECT_OBJC_ISA_USAGE = YES_ERROR;
				CLANG_WARN_EMPTY_BODY = YES;
				CLANG_WARN_ENUM_CONVERSION = YES;
				CLANG_WARN_INFINITE_RECURSION = YES;
				CLANG_WARN_INT_CONVERSION = YES;
				CLANG_WARN_OBJC_ROOT_CLASS = YES_ERROR;
				CLANG_WARN_SUSPICIOUS_MOVE = YES;
				CLANG_WARN_UNREACHABLE_CODE = YES;
				CLANG_WARN__DUPLICATE_METHOD_MATCH = YES;
				"CODE_SIGN_IDENTITY[sdk=iphoneos*]" = "iPhone Developer";
				COPY_PHASE_STRIP = NO;
				DEBUG_INFORMATION_FORMAT = dwarf;
				ENABLE_STRICT_OBJC_MSGSEND = YES;
				ENABLE_TESTABILITY = YES;
				GCC_C_LANGUAGE_STANDARD = gnu99;
				GCC_DYNAMIC_NO_PIC = NO;
				GCC_NO_COMMON_BLOCKS = YES;
				GCC_OPTIMIZATION_LEVEL = 0;
				GCC_PREPROCESSOR_DEFINITIONS = (
					"DEBUG=1",
					"$(inherited)",
				);
				GCC_WARN_64_TO_32_BIT_CONVERSION = YES;
				GCC_WARN_ABOUT_RETURN_TYPE = YES_ERROR;
				GCC_WARN_UNDECLARED_SELECTOR = YES;
				GCC_WARN_UNINITIALIZED_AUTOS = YES_AGGRESSIVE;
				GCC_WARN_UNUSED_FUNCTION = YES;
				GCC_WARN_UNUSED_VARIABLE = YES;
				IPHONEOS_DEPLOYMENT_TARGET = 9.3;
				MTL_ENABLE_DEBUG_INFO = YES;
				ONLY_ACTIVE_ARCH = YES;
				SDKROOT = iphoneos;
				SWIFT_OPTIMIZATION_LEVEL = "-Onone";
				TARGETED_DEVICE_FAMILY = "1,2";
			};
			name = Debug;
		};
		3A8C0EB71D8A6D1D00F538B0 /* Release */ = {
			isa = XCBuildConfiguration;
			buildSettings = {
				ALWAYS_SEARCH_USER_PATHS = NO;
				CLANG_ANALYZER_NONNULL = YES;
				CLANG_CXX_LANGUAGE_STANDARD = "gnu++0x";
				CLANG_CXX_LIBRARY = "libc++";
				CLANG_ENABLE_MODULES = YES;
				CLANG_ENABLE_OBJC_ARC = YES;
				CLANG_WARN_BOOL_CONVERSION = YES;
				CLANG_WARN_CONSTANT_CONVERSION = YES;
				CLANG_WARN_DIRECT_OBJC_ISA_USAGE = YES_ERROR;
				CLANG_WARN_EMPTY_BODY = YES;
				CLANG_WARN_ENUM_CONVERSION = YES;
				CLANG_WARN_INFINITE_RECURSION = YES;
				CLANG_WARN_INT_CONVERSION = YES;
				CLANG_WARN_OBJC_ROOT_CLASS = YES_ERROR;
				CLANG_WARN_SUSPICIOUS_MOVE = YES;
				CLANG_WARN_UNREACHABLE_CODE = YES;
				CLANG_WARN__DUPLICATE_METHOD_MATCH = YES;
				"CODE_SIGN_IDENTITY[sdk=iphoneos*]" = "iPhone Developer";
				COPY_PHASE_STRIP = NO;
				DEBUG_INFORMATION_FORMAT = "dwarf-with-dsym";
				ENABLE_NS_ASSERTIONS = NO;
				ENABLE_STRICT_OBJC_MSGSEND = YES;
				GCC_C_LANGUAGE_STANDARD = gnu99;
				GCC_NO_COMMON_BLOCKS = YES;
				GCC_WARN_64_TO_32_BIT_CONVERSION = YES;
				GCC_WARN_ABOUT_RETURN_TYPE = YES_ERROR;
				GCC_WARN_UNDECLARED_SELECTOR = YES;
				GCC_WARN_UNINITIALIZED_AUTOS = YES_AGGRESSIVE;
				GCC_WARN_UNUSED_FUNCTION = YES;
				GCC_WARN_UNUSED_VARIABLE = YES;
				IPHONEOS_DEPLOYMENT_TARGET = 9.3;
				MTL_ENABLE_DEBUG_INFO = NO;
				SDKROOT = iphoneos;
				SWIFT_OPTIMIZATION_LEVEL = "-Owholemodule";
				TARGETED_DEVICE_FAMILY = "1,2";
				VALIDATE_PRODUCT = YES;
			};
			name = Release;
		};
		3A8C0EB91D8A6D1D00F538B0 /* Debug */ = {
			isa = XCBuildConfiguration;
			baseConfigurationReference = 3FE2B3BA2027569E5B0E5723 /* Pods-NearbyPlaces.debug.xcconfig */;
			buildSettings = {
				ASSETCATALOG_COMPILER_APPICON_NAME = AppIcon;
				CLANG_ENABLE_MODULES = YES;
				CODE_SIGN_IDENTITY = "iPhone Developer";
				DEVELOPMENT_TEAM = E84ETWJ5XP;
				INFOPLIST_FILE = NearbyPlaces/Info.plist;
				LD_RUNPATH_SEARCH_PATHS = "$(inherited) @executable_path/Frameworks";
				PRODUCT_BUNDLE_IDENTIFIER = "com.adrian-kubala.NearbyPlaces";
				PRODUCT_NAME = "$(TARGET_NAME)";
				SWIFT_OBJC_BRIDGING_HEADER = "NearbyPlaces/NearbyPlaces-Bridging-Header.h";
				SWIFT_OPTIMIZATION_LEVEL = "-Onone";
				SWIFT_VERSION = 3.0;
			};
			name = Debug;
		};
		3A8C0EBA1D8A6D1D00F538B0 /* Release */ = {
			isa = XCBuildConfiguration;
			baseConfigurationReference = 854BCFFDBA4F2C5B4F78F532 /* Pods-NearbyPlaces.release.xcconfig */;
			buildSettings = {
				ASSETCATALOG_COMPILER_APPICON_NAME = AppIcon;
				CLANG_ENABLE_MODULES = YES;
				CODE_SIGN_IDENTITY = "iPhone Developer";
				DEVELOPMENT_TEAM = E84ETWJ5XP;
				INFOPLIST_FILE = NearbyPlaces/Info.plist;
				LD_RUNPATH_SEARCH_PATHS = "$(inherited) @executable_path/Frameworks";
				PRODUCT_BUNDLE_IDENTIFIER = "com.adrian-kubala.NearbyPlaces";
				PRODUCT_NAME = "$(TARGET_NAME)";
				SWIFT_OBJC_BRIDGING_HEADER = "NearbyPlaces/NearbyPlaces-Bridging-Header.h";
				SWIFT_VERSION = 3.0;
			};
			name = Release;
		};
/* End XCBuildConfiguration section */

/* Begin XCConfigurationList section */
		3A8C0E8B1D8A6D1C00F538B0 /* Build configuration list for PBXProject "NearbyPlaces" */ = {
			isa = XCConfigurationList;
			buildConfigurations = (
				3A8C0EB61D8A6D1D00F538B0 /* Debug */,
				3A8C0EB71D8A6D1D00F538B0 /* Release */,
			);
			defaultConfigurationIsVisible = 0;
			defaultConfigurationName = Release;
		};
		3A8C0EB81D8A6D1D00F538B0 /* Build configuration list for PBXNativeTarget "NearbyPlaces" */ = {
			isa = XCConfigurationList;
			buildConfigurations = (
				3A8C0EB91D8A6D1D00F538B0 /* Debug */,
				3A8C0EBA1D8A6D1D00F538B0 /* Release */,
			);
			defaultConfigurationIsVisible = 0;
			defaultConfigurationName = Release;
		};
/* End XCConfigurationList section */
	};
	rootObject = 3A8C0E881D8A6D1C00F538B0 /* Project object */;
}
